
Microsoft Visual Studio Solution File, Format Version 12.00
# Visual Studio Version 16
VisualStudioVersion = 16.0.30523.141
MinimumVisualStudioVersion = 10.0.40219.1
Project("{FAE04EC0-301F-11D3-BF4B-00C04F79EFBC}") = "MyProject", "MyProject\MyProject.csproj", "{D59FE3CE-8C0B-439E-B20A-D358081FE745}"
EndProject
Global
	GlobalSection(SolutionConfigurationPlatforms) = preSolution
		Debug|Any CPU = Debug|Any CPU
		Release|Any CPU = Release|Any CPU
	EndGlobalSection
	GlobalSection(ProjectConfigurationPlatforms) = postSolution
		{D59FE3CE-8C0B-439E-B20A-D358081FE745}.Debug|Any CPU.ActiveCfg = Debug|Any CPU
		{D59FE3CE-8C0B-439E-B20A-D358081FE745}.Debug|Any CPU.Build.0 = Debug|Any CPU
		{D59FE3CE-8C0B-439E-B20A-D358081FE745}.Release|Any CPU.ActiveCfg = Release|Any CPU
		{D59FE3CE-8C0B-439E-B20A-D358081FE745}.Release|Any CPU.Build.0 = Release|Any CPU
	EndGlobalSection
	GlobalSection(SolutionProperties) = preSolution
		HideSolutionNode = FALSE
	EndGlobalSection
	GlobalSection(ExtensibilityGlobals) = postSolution
		SolutionGuid = {6F7B7F6E-637B-4046-859E-F5980D2F45B2}
	EndGlobalSection
EndGlobal
